
Microsoft Visual Studio Solution File, Format Version 12.00
# Visual Studio 15
Project("{FAE04EC0-301F-11D3-BF4B-00C04F79EFBC}") = "VuforiaScripts", "VuforiaScripts.csproj", "{AB6DCFFB-7F15-C23E-DFE8-25306CD1FA55}"
EndProject
Project("{FAE04EC0-301F-11D3-BF4B-00C04F79EFBC}") = "VuforiaEditorScripts", "VuforiaEditorScripts.csproj", "{F51CFAEA-5082-A18D-3755-A3423DB35C71}"
EndProject
Global
	GlobalSection(SolutionConfigurationPlatforms) = preSolution
		Debug|Any CPU = Debug|Any CPU
		Release|Any CPU = Release|Any CPU
	EndGlobalSection
	GlobalSection(ProjectConfigurationPlatforms) = postSolution
		{AB6DCFFB-7F15-C23E-DFE8-25306CD1FA55}.Debug|Any CPU.ActiveCfg = Debug|Any CPU
		{AB6DCFFB-7F15-C23E-DFE8-25306CD1FA55}.Debug|Any CPU.Build.0 = Debug|Any CPU
		{AB6DCFFB-7F15-C23E-DFE8-25306CD1FA55}.Release|Any CPU.ActiveCfg = Release|Any CPU
		{AB6DCFFB-7F15-C23E-DFE8-25306CD1FA55}.Release|Any CPU.Build.0 = Release|Any CPU
		{F51CFAEA-5082-A18D-3755-A3423DB35C71}.Debug|Any CPU.ActiveCfg = Debug|Any CPU
		{F51CFAEA-5082-A18D-3755-A3423DB35C71}.Debug|Any CPU.Build.0 = Debug|Any CPU
		{F51CFAEA-5082-A18D-3755-A3423DB35C71}.Release|Any CPU.ActiveCfg = Release|Any CPU
		{F51CFAEA-5082-A18D-3755-A3423DB35C71}.Release|Any CPU.Build.0 = Release|Any CPU
	EndGlobalSection
	GlobalSection(SolutionProperties) = preSolution
		HideSolutionNode = FALSE
	EndGlobalSection
EndGlobal
